<?xml version="1.0" encoding="utf-8"?>
<Project ToolsVersion="4.0" xmlns="http://schemas.microsoft.com/developer/msbuild/2003">
  <ItemGroup>
    <Filter Include="Source Files">
      <UniqueIdentifier>{4FC737F1-C7A5-4376-A066-2A32D752A2FF}</UniqueIdentifier>
      <Extensions>cpp;c;cc;cxx;def;odl;idl;hpj;bat;asm;asmx</Extensions>
    </Filter>
    <Filter Include="Header Files">
      <UniqueIdentifier>{93995380-89BD-4b04-88EB-625FBE52EBFB}</UniqueIdentifier>
      <Extensions>h;hh;hpp;hxx;hm;inl;inc;xsd</Extensions>
    </Filter>
    <Filter Include="Resource Files">
      <UniqueIdentifier>{67DA6AB6-F800-4c08-8B7A-83BB121AAD01}</UniqueIdentifier>
      <Extensions>rc;ico;cur;bmp;dlg;rc2;rct;bin;rgs;gif;jpg;jpeg;jpe;resx;tiff;tif;png;wav;mfcribbon-ms</Extensions>
    </Filter>
  </ItemGroup>
  <ItemGroup>
    <ClCompile Include="15\Hooks.cpp">
      <Filter>Source Files</Filter>
    </ClCompile>
    <ClCompile Include="15\Utils\NetvarManager.cpp">
      <Filter>Source Files</Filter>
    </ClCompile>
    <ClCompile Include="15\Utils\Interfaces.cpp">
      <Filter>Source Files</Filter>
    </ClCompile>
    <ClCompile Include="15\Utils\DrawManager.cpp">
      <Filter>Source Files</Filter>
    </ClCompile>
    <ClCompile Include="15\Features\EnginePrediction.cpp">
      <Filter>Source Files</Filter>
    </ClCompile>
    <ClCompile Include="15\Utils\D3DFont.cpp">
      <Filter>Source Files</Filter>
    </ClCompile>
    <ClCompile Include="15\Features\ESP.cpp">
      <Filter>Source Files</Filter>
    </ClCompile>
    <ClCompile Include="15\Utils\GlobalVars.cpp">
      <Filter>Source Files</Filter>
    </ClCompile>
    <ClCompile Include="15\Settings.cpp">
      <Filter>Source Files</Filter>
    </ClCompile>
    <ClCompile Include="15\SDK\Protobuf\base_gcmessages.pb.cc">
      <Filter>Source Files</Filter>
    </ClCompile>
    <ClCompile Include="15\SDK\Protobuf\cstrike15_gcmessages.pb.cc">
      <Filter>Source Files</Filter>
    </ClCompile>
    <ClCompile Include="15\SDK\Protobuf\cstrike15_usermessages.pb.cc">
      <Filter>Source Files</Filter>
    </ClCompile>
    <ClCompile Include="15\SDK\Protobuf\econ_gcmessages.pb.cc">
      <Filter>Source Files</Filter>
    </ClCompile>
    <ClCompile Include="15\SDK\Protobuf\engine_gcmessages.pb.cc">
      <Filter>Source Files</Filter>
    </ClCompile>
    <ClCompile Include="15\SDK\Protobuf\fatdemo.pb.cc">
      <Filter>Source Files</Filter>
    </ClCompile>
    <ClCompile Include="15\SDK\Protobuf\gcsdk_gcmessages.pb.cc">
      <Filter>Source Files</Filter>
    </ClCompile>
    <ClCompile Include="15\SDK\Protobuf\gcsystemmsgs.pb.cc">
      <Filter>Source Files</Filter>
    </ClCompile>
    <ClCompile Include="15\SDK\Protobuf\netmessages.pb.cc">
      <Filter>Source Files</Filter>
    </ClCompile>
    <ClCompile Include="15\SDK\Protobuf\network_connection.pb.cc">
      <Filter>Source Files</Filter>
    </ClCompile>
    <ClCompile Include="15\SDK\Protobuf\steamdatagram_messages.pb.cc">
      <Filter>Source Files</Filter>
    </ClCompile>
    <ClCompile Include="15\SDK\Protobuf\steammessages.pb.cc">
      <Filter>Source Files</Filter>
    </ClCompile>
    <ClCompile Include="15\Features\InventoryChanger.cpp">
      <Filter>Source Files</Filter>
    </ClCompile>
    <ClCompile Include="15\Utils\Math.cpp">
      <Filter>Source Files</Filter>
    </ClCompile>
    <ClCompile Include="15\SDK\Imgui\imgui.cpp">
      <Filter>Source Files</Filter>
    </ClCompile>
    <ClCompile Include="15\SDK\Imgui\imgui_draw.cpp">
      <Filter>Source Files</Filter>
    </ClCompile>
    <ClCompile Include="15\SDK\Imgui\imgui_impl_dx9.cpp">
      <Filter>Source Files</Filter>
    </ClCompile>
    <ClCompile Include="15\Features\Aimbot.cpp">
      <Filter>Source Files</Filter>
    </ClCompile>
    <ClCompile Include="15\Features\Glow.cpp">
      <Filter>Source Files</Filter>
    </ClCompile>
    <ClCompile Include="15\Features\NadePrediction.cpp">
      <Filter>Source Files</Filter>
    </ClCompile>
    <ClCompile Include="15\Utils\SpoofedConvar.cpp">
      <Filter>Source Files</Filter>
    </ClCompile>
    <ClCompile Include="15\Features\NightMode.cpp">
      <Filter>Source Files</Filter>
    </ClCompile>
    <ClCompile Include="15\Features\Bunnyhop.cpp">
      <Filter>Source Files</Filter>
    </ClCompile>
    <ClCompile Include="15\Features\Chams.cpp">
      <Filter>Source Files</Filter>
    </ClCompile>
    <ClCompile Include="15\Features\FakeLatency.cpp">
      <Filter>Source Files</Filter>
    </ClCompile>
    <ClCompile Include="15\15GUI\Menu.cpp">
      <Filter>Source Files</Filter>
    </ClCompile>
    <ClCompile Include="15\Features\Backtrack.cpp">
      <Filter>Source Files</Filter>
    </ClCompile>
    <ClCompile Include="15\Features\ThirdPerson.cpp">
      <Filter>Source Files</Filter>
    </ClCompile>
    <ClCompile Include="15\DLLMain.cpp">
      <Filter>Source Files</Filter>
    </ClCompile>
    <ClCompile Include="15\Utils\VMTHook.cpp">
      <Filter>Source Files</Filter>
    </ClCompile>
  </ItemGroup>
  <ItemGroup>
    <ClInclude Include="15\Hooks.h">
      <Filter>Header Files</Filter>
    </ClInclude>
    <ClInclude Include="15\SDK\IClientMode.h">
      <Filter>Header Files</Filter>
    </ClInclude>
    <ClInclude Include="15\SDK\Vector.h">
      <Filter>Header Files</Filter>
    </ClInclude>
    <ClInclude Include="15\SDK\CHandle.h">
      <Filter>Header Files</Filter>
    </ClInclude>
    <ClInclude Include="15\SDK\CEntity.h">
      <Filter>Header Files</Filter>
    </ClInclude>
    <ClInclude Include="15\SDK\IClientRenderable.h">
      <Filter>Header Files</Filter>
    </ClInclude>
    <ClInclude Include="15\SDK\IClientNetworkable.h">
      <Filter>Header Files</Filter>
    </ClInclude>
    <ClInclude Include="15\SDK\IClientUnknown.h">
      <Filter>Header Files</Filter>
    </ClInclude>
    <ClInclude Include="15\SDK\IClientEntity.h">
      <Filter>Header Files</Filter>
    </ClInclude>
    <ClInclude Include="15\SDK\IClientThinkable.h">
      <Filter>Header Files</Filter>
    </ClInclude>
    <ClInclude Include="15\SDK\VMatrix.h">
      <Filter>Header Files</Filter>
    </ClInclude>
    <ClInclude Include="15\SDK\Recv.h">
      <Filter>Header Files</Filter>
    </ClInclude>
    <ClInclude Include="15\Utils\NetvarManager.h">
      <Filter>Header Files</Filter>
    </ClInclude>
    <ClInclude Include="15\SDK\IBaseClientDll.h">
      <Filter>Header Files</Filter>
    </ClInclude>
    <ClInclude Include="15\SDK\ClientClass.h">
      <Filter>Header Files</Filter>
    </ClInclude>
    <ClInclude Include="15\SDK\Definitions.h">
      <Filter>Header Files</Filter>
    </ClInclude>
    <ClInclude Include="15\SDK\CGlobalVarsBase.h">
      <Filter>Header Files</Filter>
    </ClInclude>
    <ClInclude Include="15\Utils\Utils.h">
      <Filter>Header Files</Filter>
    </ClInclude>
    <ClInclude Include="15\SDK\CInput.h">
      <Filter>Header Files</Filter>
    </ClInclude>
    <ClInclude Include="15\Utils\Interfaces.h">
      <Filter>Header Files</Filter>
    </ClInclude>
    <ClInclude Include="15\SDK\IClientEntityList.h">
      <Filter>Header Files</Filter>
    </ClInclude>
    <ClInclude Include="15\SDK\IVEngineClient.h">
      <Filter>Header Files</Filter>
    </ClInclude>
    <ClInclude Include="15\SDK\PlayerInfo.h">
      <Filter>Header Files</Filter>
    </ClInclude>
    <ClInclude Include="15\SDK\Color.h">
      <Filter>Header Files</Filter>
    </ClInclude>
    <ClInclude Include="15\SDK\CPrediction.h">
      <Filter>Header Files</Filter>
    </ClInclude>
    <ClInclude Include="15\Settings.h">
      <Filter>Header Files</Filter>
    </ClInclude>
    <ClInclude Include="15\Utils\DrawManager.h">
      <Filter>Header Files</Filter>
    </ClInclude>
    <ClInclude Include="15\Features\EnginePrediction.h">
      <Filter>Header Files</Filter>
    </ClInclude>
    <ClInclude Include="15\Utils\D3DFont.h">
      <Filter>Header Files</Filter>
    </ClInclude>
    <ClInclude Include="15\SDK\IGameEvent.h">
      <Filter>Header Files</Filter>
    </ClInclude>
    <ClInclude Include="15\EventListener.h">
      <Filter>Header Files</Filter>
    </ClInclude>
    <ClInclude Include="15\SDK\KeyValues.h">
      <Filter>Header Files</Filter>
    </ClInclude>
    <ClInclude Include="15\Features\ESP.h">
      <Filter>Header Files</Filter>
    </ClInclude>
    <ClInclude Include="15\Utils\GlobalVars.h">
      <Filter>Header Files</Filter>
    </ClInclude>
    <ClInclude Include="15\Features\Features.h">
      <Filter>Header Files</Filter>
    </ClInclude>
    <ClInclude Include="15\SDK\Steam\ISteamUser.h">
      <Filter>Header Files</Filter>
    </ClInclude>
    <ClInclude Include="15\SDK\CClientState.h">
      <Filter>Header Files</Filter>
    </ClInclude>
    <ClInclude Include="15\SDK\IAppSystem.h">
      <Filter>Header Files</Filter>
    </ClInclude>
    <ClInclude Include="15\SDK\ILocalize.h">
      <Filter>Header Files</Filter>
    </ClInclude>
    <ClInclude Include="15\SDK\ISurface.h">
      <Filter>Header Files</Filter>
    </ClInclude>
    <ClInclude Include="15\SDK\Protobuf\base_gcmessages.pb.h">
      <Filter>Header Files</Filter>
    </ClInclude>
    <ClInclude Include="15\SDK\Protobuf\cstrike15_gcmessages.pb.h">
      <Filter>Header Files</Filter>
    </ClInclude>
    <ClInclude Include="15\SDK\Protobuf\cstrike15_usermessages.pb.h">
      <Filter>Header Files</Filter>
    </ClInclude>
    <ClInclude Include="15\SDK\Protobuf\econ_gcmessages.pb.h">
      <Filter>Header Files</Filter>
    </ClInclude>
    <ClInclude Include="15\SDK\Protobuf\engine_gcmessages.pb.h">
      <Filter>Header Files</Filter>
    </ClInclude>
    <ClInclude Include="15\SDK\Protobuf\fatdemo.pb.h">
      <Filter>Header Files</Filter>
    </ClInclude>
    <ClInclude Include="15\SDK\Protobuf\gcsdk_gcmessages.pb.h">
      <Filter>Header Files</Filter>
    </ClInclude>
    <ClInclude Include="15\SDK\Protobuf\gcsystemmsgs.pb.h">
      <Filter>Header Files</Filter>
    </ClInclude>
    <ClInclude Include="15\SDK\Protobuf\netmessages.pb.h">
      <Filter>Header Files</Filter>
    </ClInclude>
    <ClInclude Include="15\SDK\Protobuf\network_connection.pb.h">
      <Filter>Header Files</Filter>
    </ClInclude>
    <ClInclude Include="15\SDK\Protobuf\steamdatagram_messages.pb.h">
      <Filter>Header Files</Filter>
    </ClInclude>
    <ClInclude Include="15\SDK\Protobuf\steammessages.pb.h">
      <Filter>Header Files</Filter>
    </ClInclude>
    <ClInclude Include="15\Features\InventoryChanger.h">
      <Filter>Header Files</Filter>
    </ClInclude>
    <ClInclude Include="15\SDK\IMemAlloc.h">
      <Filter>Header Files</Filter>
    </ClInclude>
    <ClInclude Include="15\Features\EventLogger.h">
      <Filter>Header Files</Filter>
    </ClInclude>
    <ClInclude Include="15\Utils\Math.h">
      <Filter>Header Files</Filter>
    </ClInclude>
    <ClInclude Include="15\SDK\Imgui\imgui.h">
      <Filter>Header Files</Filter>
    </ClInclude>
    <ClInclude Include="15\SDK\Imgui\imgui_impl_dx9.h">
      <Filter>Header Files</Filter>
    </ClInclude>
    <ClInclude Include="15\SDK\Imgui\imgui_internal.h">
      <Filter>Header Files</Filter>
    </ClInclude>
    <ClInclude Include="15\SDK\Imgui\imconfig.h">
      <Filter>Header Files</Filter>
    </ClInclude>
    <ClInclude Include="15\SDK\Imgui\stb_rect_pack.h">
      <Filter>Header Files</Filter>
    </ClInclude>
    <ClInclude Include="15\SDK\Imgui\stb_textedit.h">
      <Filter>Header Files</Filter>
    </ClInclude>
    <ClInclude Include="15\SDK\Imgui\stb_truetype.h">
      <Filter>Header Files</Filter>
    </ClInclude>
    <ClInclude Include="15\SDK\ICVar.h">
      <Filter>Header Files</Filter>
    </ClInclude>
    <ClInclude Include="15\Features\Aimbot.h">
      <Filter>Header Files</Filter>
    </ClInclude>
    <ClInclude Include="15\SDK\SDK.h">
      <Filter>Header Files</Filter>
    </ClInclude>
    <ClInclude Include="15\SDK\IEngineTrace.h">
      <Filter>Header Files</Filter>
    </ClInclude>
    <ClInclude Include="15\SDK\Misc.h">
      <Filter>Header Files</Filter>
    </ClInclude>
    <ClInclude Include="15\SDK\IConVar.h">
      <Filter>Header Files</Filter>
    </ClInclude>
    <ClInclude Include="15\SDK\IMaterialSystem.h">
      <Filter>Header Files</Filter>
    </ClInclude>
    <ClInclude Include="15\Utils\Xorstr.h">
      <Filter>Header Files</Filter>
    </ClInclude>
    <ClInclude Include="15\SDK\IMaterial.h">
      <Filter>Header Files</Filter>
    </ClInclude>
    <ClInclude Include="15\Features\Glow.h">
      <Filter>Header Files</Filter>
    </ClInclude>
    <ClInclude Include="15\SDK\IRenderView.h">
      <Filter>Header Files</Filter>
    </ClInclude>
    <ClInclude Include="15\SDK\IViewRender.h">
      <Filter>Header Files</Filter>
    </ClInclude>
    <ClInclude Include="15\SDK\IVModelRender.h">
      <Filter>Header Files</Filter>
    </ClInclude>
    <ClInclude Include="15\Features\NadePrediction.h">
      <Filter>Header Files</Filter>
    </ClInclude>
    <ClInclude Include="15\SDK\Steam\ISteamClientPublic.h">
      <Filter>Header Files</Filter>
    </ClInclude>
    <ClInclude Include="15\Utils\SpoofedConvar.h">
      <Filter>Header Files</Filter>
    </ClInclude>
    <ClInclude Include="15\SDK\Json\Json.h">
      <Filter>Header Files</Filter>
    </ClInclude>
    <ClInclude Include="15\Utils\VMProtect.h">
      <Filter>Header Files</Filter>
    </ClInclude>
    <ClInclude Include="15\Features\NightMode.h">
      <Filter>Header Files</Filter>
    </ClInclude>
    <ClInclude Include="15\Features\Bunnyhop.h">
      <Filter>Header Files</Filter>
    </ClInclude>
    <ClInclude Include="15\Features\Chams.h">
      <Filter>Header Files</Filter>
    </ClInclude>
    <ClInclude Include="15\Features\FakeLatency.h">
      <Filter>Header Files</Filter>
    </ClInclude>
    <ClInclude Include="15\15GUI\Menu.h">
      <Filter>Header Files</Filter>
    </ClInclude>
    <ClInclude Include="15\Features\Backtrack.h">
      <Filter>Header Files</Filter>
    </ClInclude>
    <ClInclude Include="15\Features\ThirdPerson.h">
      <Filter>Header Files</Filter>
    </ClInclude>
    <ClInclude Include="15\Utils\VMTHook.h">
      <Filter>Header Files</Filter>
    </ClInclude>
    <ClInclude Include="15\Utils\HideMoudle.h">
      <Filter>Header Files</Filter>
    </ClInclude>
    <ClInclude Include="15\15GUI\Fonts\UnifrakturCook.h">
      <Filter>Header Files</Filter>
    </ClInclude>
  </ItemGroup>
</Project>